
Microsoft Visual Studio Solution File, Format Version 12.00
# Visual Studio Version 17
VisualStudioVersion = 17.9.34714.143
MinimumVisualStudioVersion = 10.0.40219.1
Project("{FAE04EC0-301F-11D3-BF4B-00C04F79EFBC}") = "ChatGPTTeste", "ChatGPTTeste\ChatGPTTeste.csproj", "{8B398AC7-51F0-4412-AE2D-3C19D0E1EAFC}"
EndProject
Global
	GlobalSection(SolutionConfigurationPlatforms) = preSolution
		Debug|Any CPU = Debug|Any CPU
		Release|Any CPU = Release|Any CPU
	EndGlobalSection
	GlobalSection(ProjectConfigurationPlatforms) = postSolution
		{8B398AC7-51F0-4412-AE2D-3C19D0E1EAFC}.Debug|Any CPU.ActiveCfg = Debug|Any CPU
		{8B398AC7-51F0-4412-AE2D-3C19D0E1EAFC}.Debug|Any CPU.Build.0 = Debug|Any CPU
		{8B398AC7-51F0-4412-AE2D-3C19D0E1EAFC}.Release|Any CPU.ActiveCfg = Release|Any CPU
		{8B398AC7-51F0-4412-AE2D-3C19D0E1EAFC}.Release|Any CPU.Build.0 = Release|Any CPU
	EndGlobalSection
	GlobalSection(SolutionProperties) = preSolution
		HideSolutionNode = FALSE
	EndGlobalSection
	GlobalSection(ExtensibilityGlobals) = postSolution
		SolutionGuid = {B4599DA3-EAA7-4AB0-BB09-439669D5237E}
	EndGlobalSection
EndGlobal
